// !$*UTF8*$!
{
	archiveVersion = 1;
	classes = {
	};
	objectVersion = 52;
	objects = {

/* Begin PBXBuildFile section */
		E81EFBEC2620C7C3008C2888 /* AppDelegate.swift in Sources */ = {isa = PBXBuildFile; fileRef = E81EFBEB2620C7C3008C2888 /* AppDelegate.swift */; };
		E81EFBEE2620C7C3008C2888 /* SceneDelegate.swift in Sources */ = {isa = PBXBuildFile; fileRef = E81EFBED2620C7C3008C2888 /* SceneDelegate.swift */; };
		E81EFBF52620C7C4008C2888 /* Assets.xcassets in Resources */ = {isa = PBXBuildFile; fileRef = E81EFBF42620C7C4008C2888 /* Assets.xcassets */; };
		E81EFBF82620C7C4008C2888 /* LaunchScreen.storyboard in Resources */ = {isa = PBXBuildFile; fileRef = E81EFBF62620C7C4008C2888 /* LaunchScreen.storyboard */; };
		E81EFC032620C7C4008C2888 /* TheMovieManagerTests.swift in Sources */ = {isa = PBXBuildFile; fileRef = E81EFC022620C7C4008C2888 /* TheMovieManagerTests.swift */; };
		E81EFC332620CA16008C2888 /* TestAppDelegate.swift in Sources */ = {isa = PBXBuildFile; fileRef = E81EFC322620CA16008C2888 /* TestAppDelegate.swift */; };
		E81EFC3A2620CA40008C2888 /* TestSceneDelegate.swift in Sources */ = {isa = PBXBuildFile; fileRef = E81EFC392620CA40008C2888 /* TestSceneDelegate.swift */; };
		E81EFC402620CA62008C2888 /* TestRootViewController.swift in Sources */ = {isa = PBXBuildFile; fileRef = E81EFC3F2620CA62008C2888 /* TestRootViewController.swift */; };
		E81EFC452620CAAA008C2888 /* BaseContracts.swift in Sources */ = {isa = PBXBuildFile; fileRef = E81EFC442620CAAA008C2888 /* BaseContracts.swift */; };
		E81EFC4B2620CAF7008C2888 /* BaseBusinessModel.swift in Sources */ = {isa = PBXBuildFile; fileRef = E81EFC4A2620CAF7008C2888 /* BaseBusinessModel.swift */; };
		E81EFC4F2620CB02008C2888 /* BasePresentationModel.swift in Sources */ = {isa = PBXBuildFile; fileRef = E81EFC4E2620CB02008C2888 /* BasePresentationModel.swift */; };
		E81EFC532620CB0B008C2888 /* BaseRouter.swift in Sources */ = {isa = PBXBuildFile; fileRef = E81EFC522620CB0B008C2888 /* BaseRouter.swift */; };
		E81EFC572620CB1A008C2888 /* BaseBuilder.swift in Sources */ = {isa = PBXBuildFile; fileRef = E81EFC562620CB1A008C2888 /* BaseBuilder.swift */; };
		E81EFC5B2620CB23008C2888 /* BaseViewController.swift in Sources */ = {isa = PBXBuildFile; fileRef = E81EFC5A2620CB23008C2888 /* BaseViewController.swift */; };
		E81EFC5F2620CBB7008C2888 /* main.swift in Sources */ = {isa = PBXBuildFile; fileRef = E81EFC5E2620CBB7008C2888 /* main.swift */; };
		E81EFC742620CE56008C2888 /* AuthenticationBusinessModel.swift in Sources */ = {isa = PBXBuildFile; fileRef = E81EFC732620CE56008C2888 /* AuthenticationBusinessModel.swift */; };
		E81EFC7B2620CF95008C2888 /* Extensions.swift in Sources */ = {isa = PBXBuildFile; fileRef = E81EFC7A2620CF95008C2888 /* Extensions.swift */; };
		E81EFC882620D05C008C2888 /* Login.storyboard in Resources */ = {isa = PBXBuildFile; fileRef = E81EFC822620D05C008C2888 /* Login.storyboard */; };
		E81EFC892620D05C008C2888 /* LoginPresentationModel.swift in Sources */ = {isa = PBXBuildFile; fileRef = E81EFC832620D05C008C2888 /* LoginPresentationModel.swift */; };
		E81EFC8A2620D05C008C2888 /* LoginRouter.swift in Sources */ = {isa = PBXBuildFile; fileRef = E81EFC842620D05C008C2888 /* LoginRouter.swift */; };
		E81EFC8B2620D05C008C2888 /* LoginContracts.swift in Sources */ = {isa = PBXBuildFile; fileRef = E81EFC852620D05C008C2888 /* LoginContracts.swift */; };
		E81EFC8C2620D05C008C2888 /* LoginViewController.swift in Sources */ = {isa = PBXBuildFile; fileRef = E81EFC862620D05C008C2888 /* LoginViewController.swift */; };
		E81EFC8D2620D05C008C2888 /* LoginBuilder.swift in Sources */ = {isa = PBXBuildFile; fileRef = E81EFC872620D05C008C2888 /* LoginBuilder.swift */; };
		E81EFC922620D76D008C2888 /* Logger.swift in Sources */ = {isa = PBXBuildFile; fileRef = E81EFC912620D76D008C2888 /* Logger.swift */; };
		E81EFC992620DCD6008C2888 /* Session.swift in Sources */ = {isa = PBXBuildFile; fileRef = E81EFC982620DCD6008C2888 /* Session.swift */; };
		E81EFC9D2620DCEF008C2888 /* Caller.swift in Sources */ = {isa = PBXBuildFile; fileRef = E81EFC9C2620DCEF008C2888 /* Caller.swift */; };
		E81EFCA12620DDD6008C2888 /* Loading.swift in Sources */ = {isa = PBXBuildFile; fileRef = E81EFCA02620DDD6008C2888 /* Loading.swift */; };
		E81EFCA72620E3CF008C2888 /* NetworkingSpecs.swift in Sources */ = {isa = PBXBuildFile; fileRef = E81EFCA62620E3CF008C2888 /* NetworkingSpecs.swift */; };
		E81EFCAC2620E5C8008C2888 /* Nimble in Frameworks */ = {isa = PBXBuildFile; productRef = E81EFCAB2620E5C8008C2888 /* Nimble */; };
		E81EFCB32620E6E5008C2888 /* Quick in Frameworks */ = {isa = PBXBuildFile; productRef = E81EFCB22620E6E5008C2888 /* Quick */; };
		E81EFCB72621B163008C2888 /* API.swift in Sources */ = {isa = PBXBuildFile; fileRef = E81EFCB62621B163008C2888 /* API.swift */; };
		E81EFCBB2621B29D008C2888 /* ResponseModels.swift in Sources */ = {isa = PBXBuildFile; fileRef = E81EFCBA2621B29D008C2888 /* ResponseModels.swift */; };
		E81EFCC52621C190008C2888 /* LoginViaWeb.storyboard in Resources */ = {isa = PBXBuildFile; fileRef = E81EFCBF2621C190008C2888 /* LoginViaWeb.storyboard */; };
		E81EFCC62621C190008C2888 /* LoginViaWebPresentationModel.swift in Sources */ = {isa = PBXBuildFile; fileRef = E81EFCC02621C190008C2888 /* LoginViaWebPresentationModel.swift */; };
		E81EFCC72621C190008C2888 /* LoginViaWebRouter.swift in Sources */ = {isa = PBXBuildFile; fileRef = E81EFCC12621C190008C2888 /* LoginViaWebRouter.swift */; };
		E81EFCC82621C190008C2888 /* LoginViaWebContracts.swift in Sources */ = {isa = PBXBuildFile; fileRef = E81EFCC22621C190008C2888 /* LoginViaWebContracts.swift */; };
		E81EFCC92621C190008C2888 /* LoginViaWebViewController.swift in Sources */ = {isa = PBXBuildFile; fileRef = E81EFCC32621C190008C2888 /* LoginViaWebViewController.swift */; };
		E81EFCCA2621C190008C2888 /* LoginViaWebBuilder.swift in Sources */ = {isa = PBXBuildFile; fileRef = E81EFCC42621C190008C2888 /* LoginViaWebBuilder.swift */; };
		E81EFCCE2621C256008C2888 /* AppContext.swift in Sources */ = {isa = PBXBuildFile; fileRef = E81EFCCD2621C256008C2888 /* AppContext.swift */; };
		E81EFCD42621CDAA008C2888 /* TMDBHelper.swift in Sources */ = {isa = PBXBuildFile; fileRef = E81EFCD32621CDAA008C2888 /* TMDBHelper.swift */; };
		E81EFCE026220599008C2888 /* Main.storyboard in Resources */ = {isa = PBXBuildFile; fileRef = E81EFCDA26220599008C2888 /* Main.storyboard */; };
		E81EFCE126220599008C2888 /* MainPresentationModel.swift in Sources */ = {isa = PBXBuildFile; fileRef = E81EFCDB26220599008C2888 /* MainPresentationModel.swift */; };
		E81EFCE226220599008C2888 /* MainRouter.swift in Sources */ = {isa = PBXBuildFile; fileRef = E81EFCDC26220599008C2888 /* MainRouter.swift */; };
		E81EFCE326220599008C2888 /* MainContracts.swift in Sources */ = {isa = PBXBuildFile; fileRef = E81EFCDD26220599008C2888 /* MainContracts.swift */; };
		E81EFCE426220599008C2888 /* MainViewController.swift in Sources */ = {isa = PBXBuildFile; fileRef = E81EFCDE26220599008C2888 /* MainViewController.swift */; };
		E81EFCE526220599008C2888 /* MainBuilder.swift in Sources */ = {isa = PBXBuildFile; fileRef = E81EFCDF26220599008C2888 /* MainBuilder.swift */; };
		E81EFCEB26222544008C2888 /* BaseTabbarController.swift in Sources */ = {isa = PBXBuildFile; fileRef = E81EFCEA26222544008C2888 /* BaseTabbarController.swift */; };
		E81EFCF726222691008C2888 /* FavoritesAndWatchlist.storyboard in Resources */ = {isa = PBXBuildFile; fileRef = E81EFCF126222691008C2888 /* FavoritesAndWatchlist.storyboard */; };
		E81EFCF826222691008C2888 /* FavoritesAndWatchlistPresentationModel.swift in Sources */ = {isa = PBXBuildFile; fileRef = E81EFCF226222691008C2888 /* FavoritesAndWatchlistPresentationModel.swift */; };
		E81EFCF926222691008C2888 /* FavoritesAndWatchlistRouter.swift in Sources */ = {isa = PBXBuildFile; fileRef = E81EFCF326222691008C2888 /* FavoritesAndWatchlistRouter.swift */; };
		E81EFCFA26222691008C2888 /* FavoritesAndWatchlistContracts.swift in Sources */ = {isa = PBXBuildFile; fileRef = E81EFCF426222691008C2888 /* FavoritesAndWatchlistContracts.swift */; };
		E81EFCFB26222691008C2888 /* FavoritesAndWatchlistViewController.swift in Sources */ = {isa = PBXBuildFile; fileRef = E81EFCF526222691008C2888 /* FavoritesAndWatchlistViewController.swift */; };
		E81EFCFC26222691008C2888 /* FavoritesAndWatchlistBuilder.swift in Sources */ = {isa = PBXBuildFile; fileRef = E81EFCF626222691008C2888 /* FavoritesAndWatchlistBuilder.swift */; };
		E81EFD15262226BD008C2888 /* Search.storyboard in Resources */ = {isa = PBXBuildFile; fileRef = E81EFD0F262226BD008C2888 /* Search.storyboard */; };
		E81EFD16262226BD008C2888 /* SearchPresentationModel.swift in Sources */ = {isa = PBXBuildFile; fileRef = E81EFD10262226BD008C2888 /* SearchPresentationModel.swift */; };
		E81EFD17262226BD008C2888 /* SearchRouter.swift in Sources */ = {isa = PBXBuildFile; fileRef = E81EFD11262226BD008C2888 /* SearchRouter.swift */; };
		E81EFD18262226BD008C2888 /* SearchContracts.swift in Sources */ = {isa = PBXBuildFile; fileRef = E81EFD12262226BD008C2888 /* SearchContracts.swift */; };
		E81EFD19262226BD008C2888 /* SearchViewController.swift in Sources */ = {isa = PBXBuildFile; fileRef = E81EFD13262226BD008C2888 /* SearchViewController.swift */; };
		E81EFD1A262226BD008C2888 /* SearchBuilder.swift in Sources */ = {isa = PBXBuildFile; fileRef = E81EFD14262226BD008C2888 /* SearchBuilder.swift */; };
		E81EFD24262226D6008C2888 /* Detail.storyboard in Resources */ = {isa = PBXBuildFile; fileRef = E81EFD1E262226D6008C2888 /* Detail.storyboard */; };
		E81EFD25262226D6008C2888 /* DetailPresentationModel.swift in Sources */ = {isa = PBXBuildFile; fileRef = E81EFD1F262226D6008C2888 /* DetailPresentationModel.swift */; };
		E81EFD26262226D6008C2888 /* DetailRouter.swift in Sources */ = {isa = PBXBuildFile; fileRef = E81EFD20262226D6008C2888 /* DetailRouter.swift */; };
		E81EFD27262226D6008C2888 /* DetailContracts.swift in Sources */ = {isa = PBXBuildFile; fileRef = E81EFD21262226D6008C2888 /* DetailContracts.swift */; };
		E81EFD28262226D6008C2888 /* DetailViewController.swift in Sources */ = {isa = PBXBuildFile; fileRef = E81EFD22262226D6008C2888 /* DetailViewController.swift */; };
		E81EFD29262226D6008C2888 /* DetailBuilder.swift in Sources */ = {isa = PBXBuildFile; fileRef = E81EFD23262226D6008C2888 /* DetailBuilder.swift */; };
		E81EFD3026233BBE008C2888 /* SearchMovieBusinessModel.swift in Sources */ = {isa = PBXBuildFile; fileRef = E81EFD2F26233BBE008C2888 /* SearchMovieBusinessModel.swift */; };
		E81EFD342623525D008C2888 /* ImageRepository.swift in Sources */ = {isa = PBXBuildFile; fileRef = E81EFD332623525D008C2888 /* ImageRepository.swift */; };
		E81EFD3B26235F9B008C2888 /* FavoritesAndWatchlistManager.swift in Sources */ = {isa = PBXBuildFile; fileRef = E81EFD3A26235F9B008C2888 /* FavoritesAndWatchlistManager.swift */; };
		E81EFD4526237906008C2888 /* Multicastable.swift in Sources */ = {isa = PBXBuildFile; fileRef = E81EFD4426237906008C2888 /* Multicastable.swift */; };
/* End PBXBuildFile section */

/* Begin PBXContainerItemProxy section */
		E81EFBFF2620C7C4008C2888 /* PBXContainerItemProxy */ = {
			isa = PBXContainerItemProxy;
			containerPortal = E81EFBE02620C7C3008C2888 /* Project object */;
			proxyType = 1;
			remoteGlobalIDString = E81EFBE72620C7C3008C2888;
			remoteInfo = TheMovieManager;
		};
/* End PBXContainerItemProxy section */

/* Begin PBXFileReference section */
		E81EFBE82620C7C3008C2888 /* TheMovieManager.app */ = {isa = PBXFileReference; explicitFileType = wrapper.application; includeInIndex = 0; path = TheMovieManager.app; sourceTree = BUILT_PRODUCTS_DIR; };
		E81EFBEB2620C7C3008C2888 /* AppDelegate.swift */ = {isa = PBXFileReference; lastKnownFileType = sourcecode.swift; path = AppDelegate.swift; sourceTree = "<group>"; };
		E81EFBED2620C7C3008C2888 /* SceneDelegate.swift */ = {isa = PBXFileReference; lastKnownFileType = sourcecode.swift; path = SceneDelegate.swift; sourceTree = "<group>"; };
		E81EFBF42620C7C4008C2888 /* Assets.xcassets */ = {isa = PBXFileReference; lastKnownFileType = folder.assetcatalog; path = Assets.xcassets; sourceTree = "<group>"; };
		E81EFBF72620C7C4008C2888 /* Base */ = {isa = PBXFileReference; lastKnownFileType = file.storyboard; name = Base; path = Base.lproj/LaunchScreen.storyboard; sourceTree = "<group>"; };
		E81EFBF92620C7C4008C2888 /* Info.plist */ = {isa = PBXFileReference; lastKnownFileType = text.plist.xml; path = Info.plist; sourceTree = "<group>"; };
		E81EFBFE2620C7C4008C2888 /* TheMovieManagerTests.xctest */ = {isa = PBXFileReference; explicitFileType = wrapper.cfbundle; includeInIndex = 0; path = TheMovieManagerTests.xctest; sourceTree = BUILT_PRODUCTS_DIR; };
		E81EFC022620C7C4008C2888 /* TheMovieManagerTests.swift */ = {isa = PBXFileReference; lastKnownFileType = sourcecode.swift; path = TheMovieManagerTests.swift; sourceTree = "<group>"; };
		E81EFC042620C7C4008C2888 /* Info.plist */ = {isa = PBXFileReference; lastKnownFileType = text.plist.xml; path = Info.plist; sourceTree = "<group>"; };
		E81EFC2B2620C957008C2888 /* DEBUG.xcconfig */ = {isa = PBXFileReference; lastKnownFileType = text.xcconfig; path = DEBUG.xcconfig; sourceTree = "<group>"; };
		E81EFC2C2620C965008C2888 /* RELEASE.xcconfig */ = {isa = PBXFileReference; lastKnownFileType = text.xcconfig; path = RELEASE.xcconfig; sourceTree = "<group>"; };
		E81EFC322620CA16008C2888 /* TestAppDelegate.swift */ = {isa = PBXFileReference; lastKnownFileType = sourcecode.swift; path = TestAppDelegate.swift; sourceTree = "<group>"; };
		E81EFC392620CA40008C2888 /* TestSceneDelegate.swift */ = {isa = PBXFileReference; lastKnownFileType = sourcecode.swift; path = TestSceneDelegate.swift; sourceTree = "<group>"; };
		E81EFC3F2620CA62008C2888 /* TestRootViewController.swift */ = {isa = PBXFileReference; lastKnownFileType = sourcecode.swift; path = TestRootViewController.swift; sourceTree = "<group>"; };
		E81EFC442620CAAA008C2888 /* BaseContracts.swift */ = {isa = PBXFileReference; lastKnownFileType = sourcecode.swift; path = BaseContracts.swift; sourceTree = "<group>"; };
		E81EFC4A2620CAF7008C2888 /* BaseBusinessModel.swift */ = {isa = PBXFileReference; lastKnownFileType = sourcecode.swift; path = BaseBusinessModel.swift; sourceTree = "<group>"; };
		E81EFC4E2620CB02008C2888 /* BasePresentationModel.swift */ = {isa = PBXFileReference; lastKnownFileType = sourcecode.swift; path = BasePresentationModel.swift; sourceTree = "<group>"; };
		E81EFC522620CB0B008C2888 /* BaseRouter.swift */ = {isa = PBXFileReference; lastKnownFileType = sourcecode.swift; path = BaseRouter.swift; sourceTree = "<group>"; };
		E81EFC562620CB1A008C2888 /* BaseBuilder.swift */ = {isa = PBXFileReference; lastKnownFileType = sourcecode.swift; path = BaseBuilder.swift; sourceTree = "<group>"; };
		E81EFC5A2620CB23008C2888 /* BaseViewController.swift */ = {isa = PBXFileReference; lastKnownFileType = sourcecode.swift; path = BaseViewController.swift; sourceTree = "<group>"; };
		E81EFC5E2620CBB7008C2888 /* main.swift */ = {isa = PBXFileReference; lastKnownFileType = sourcecode.swift; path = main.swift; sourceTree = "<group>"; };
		E81EFC732620CE56008C2888 /* AuthenticationBusinessModel.swift */ = {isa = PBXFileReference; lastKnownFileType = sourcecode.swift; path = AuthenticationBusinessModel.swift; sourceTree = "<group>"; };
		E81EFC7A2620CF95008C2888 /* Extensions.swift */ = {isa = PBXFileReference; lastKnownFileType = sourcecode.swift; path = Extensions.swift; sourceTree = "<group>"; };
		E81EFC822620D05C008C2888 /* Login.storyboard */ = {isa = PBXFileReference; lastKnownFileType = file.storyboard; path = Login.storyboard; sourceTree = "<group>"; };
		E81EFC832620D05C008C2888 /* LoginPresentationModel.swift */ = {isa = PBXFileReference; lastKnownFileType = sourcecode.swift; path = LoginPresentationModel.swift; sourceTree = "<group>"; };
		E81EFC842620D05C008C2888 /* LoginRouter.swift */ = {isa = PBXFileReference; lastKnownFileType = sourcecode.swift; path = LoginRouter.swift; sourceTree = "<group>"; };
		E81EFC852620D05C008C2888 /* LoginContracts.swift */ = {isa = PBXFileReference; lastKnownFileType = sourcecode.swift; path = LoginContracts.swift; sourceTree = "<group>"; };
		E81EFC862620D05C008C2888 /* LoginViewController.swift */ = {isa = PBXFileReference; lastKnownFileType = sourcecode.swift; path = LoginViewController.swift; sourceTree = "<group>"; };
		E81EFC872620D05C008C2888 /* LoginBuilder.swift */ = {isa = PBXFileReference; lastKnownFileType = sourcecode.swift; path = LoginBuilder.swift; sourceTree = "<group>"; };
		E81EFC912620D76D008C2888 /* Logger.swift */ = {isa = PBXFileReference; lastKnownFileType = sourcecode.swift; path = Logger.swift; sourceTree = "<group>"; };
		E81EFC982620DCD6008C2888 /* Session.swift */ = {isa = PBXFileReference; lastKnownFileType = sourcecode.swift; path = Session.swift; sourceTree = "<group>"; };
		E81EFC9C2620DCEF008C2888 /* Caller.swift */ = {isa = PBXFileReference; lastKnownFileType = sourcecode.swift; path = Caller.swift; sourceTree = "<group>"; };
		E81EFCA02620DDD6008C2888 /* Loading.swift */ = {isa = PBXFileReference; lastKnownFileType = sourcecode.swift; path = Loading.swift; sourceTree = "<group>"; };
		E81EFCA62620E3CF008C2888 /* NetworkingSpecs.swift */ = {isa = PBXFileReference; lastKnownFileType = sourcecode.swift; path = NetworkingSpecs.swift; sourceTree = "<group>"; };
		E81EFCB62621B163008C2888 /* API.swift */ = {isa = PBXFileReference; lastKnownFileType = sourcecode.swift; path = API.swift; sourceTree = "<group>"; };
		E81EFCBA2621B29D008C2888 /* ResponseModels.swift */ = {isa = PBXFileReference; lastKnownFileType = sourcecode.swift; path = ResponseModels.swift; sourceTree = "<group>"; };
		E81EFCBF2621C190008C2888 /* LoginViaWeb.storyboard */ = {isa = PBXFileReference; lastKnownFileType = file.storyboard; path = LoginViaWeb.storyboard; sourceTree = "<group>"; };
		E81EFCC02621C190008C2888 /* LoginViaWebPresentationModel.swift */ = {isa = PBXFileReference; lastKnownFileType = sourcecode.swift; path = LoginViaWebPresentationModel.swift; sourceTree = "<group>"; };
		E81EFCC12621C190008C2888 /* LoginViaWebRouter.swift */ = {isa = PBXFileReference; lastKnownFileType = sourcecode.swift; path = LoginViaWebRouter.swift; sourceTree = "<group>"; };
		E81EFCC22621C190008C2888 /* LoginViaWebContracts.swift */ = {isa = PBXFileReference; lastKnownFileType = sourcecode.swift; path = LoginViaWebContracts.swift; sourceTree = "<group>"; };
		E81EFCC32621C190008C2888 /* LoginViaWebViewController.swift */ = {isa = PBXFileReference; lastKnownFileType = sourcecode.swift; path = LoginViaWebViewController.swift; sourceTree = "<group>"; };
		E81EFCC42621C190008C2888 /* LoginViaWebBuilder.swift */ = {isa = PBXFileReference; lastKnownFileType = sourcecode.swift; path = LoginViaWebBuilder.swift; sourceTree = "<group>"; };
		E81EFCCD2621C256008C2888 /* AppContext.swift */ = {isa = PBXFileReference; lastKnownFileType = sourcecode.swift; path = AppContext.swift; sourceTree = "<group>"; };
		E81EFCD32621CDAA008C2888 /* TMDBHelper.swift */ = {isa = PBXFileReference; lastKnownFileType = sourcecode.swift; path = TMDBHelper.swift; sourceTree = "<group>"; };
		E81EFCDA26220599008C2888 /* Main.storyboard */ = {isa = PBXFileReference; lastKnownFileType = file.storyboard; path = Main.storyboard; sourceTree = "<group>"; };
		E81EFCDB26220599008C2888 /* MainPresentationModel.swift */ = {isa = PBXFileReference; lastKnownFileType = sourcecode.swift; path = MainPresentationModel.swift; sourceTree = "<group>"; };
		E81EFCDC26220599008C2888 /* MainRouter.swift */ = {isa = PBXFileReference; lastKnownFileType = sourcecode.swift; path = MainRouter.swift; sourceTree = "<group>"; };
		E81EFCDD26220599008C2888 /* MainContracts.swift */ = {isa = PBXFileReference; lastKnownFileType = sourcecode.swift; path = MainContracts.swift; sourceTree = "<group>"; };
		E81EFCDE26220599008C2888 /* MainViewController.swift */ = {isa = PBXFileReference; lastKnownFileType = sourcecode.swift; path = MainViewController.swift; sourceTree = "<group>"; };
		E81EFCDF26220599008C2888 /* MainBuilder.swift */ = {isa = PBXFileReference; lastKnownFileType = sourcecode.swift; path = MainBuilder.swift; sourceTree = "<group>"; };
		E81EFCEA26222544008C2888 /* BaseTabbarController.swift */ = {isa = PBXFileReference; lastKnownFileType = sourcecode.swift; path = BaseTabbarController.swift; sourceTree = "<group>"; };
		E81EFCF126222691008C2888 /* FavoritesAndWatchlist.storyboard */ = {isa = PBXFileReference; lastKnownFileType = file.storyboard; path = FavoritesAndWatchlist.storyboard; sourceTree = "<group>"; };
		E81EFCF226222691008C2888 /* FavoritesAndWatchlistPresentationModel.swift */ = {isa = PBXFileReference; lastKnownFileType = sourcecode.swift; path = FavoritesAndWatchlistPresentationModel.swift; sourceTree = "<group>"; };
		E81EFCF326222691008C2888 /* FavoritesAndWatchlistRouter.swift */ = {isa = PBXFileReference; lastKnownFileType = sourcecode.swift; path = FavoritesAndWatchlistRouter.swift; sourceTree = "<group>"; };
		E81EFCF426222691008C2888 /* FavoritesAndWatchlistContracts.swift */ = {isa = PBXFileReference; lastKnownFileType = sourcecode.swift; path = FavoritesAndWatchlistContracts.swift; sourceTree = "<group>"; };
		E81EFCF526222691008C2888 /* FavoritesAndWatchlistViewController.swift */ = {isa = PBXFileReference; lastKnownFileType = sourcecode.swift; path = FavoritesAndWatchlistViewController.swift; sourceTree = "<group>"; };
		E81EFCF626222691008C2888 /* FavoritesAndWatchlistBuilder.swift */ = {isa = PBXFileReference; lastKnownFileType = sourcecode.swift; path = FavoritesAndWatchlistBuilder.swift; sourceTree = "<group>"; };
		E81EFD0F262226BD008C2888 /* Search.storyboard */ = {isa = PBXFileReference; lastKnownFileType = file.storyboard; path = Search.storyboard; sourceTree = "<group>"; };
		E81EFD10262226BD008C2888 /* SearchPresentationModel.swift */ = {isa = PBXFileReference; lastKnownFileType = sourcecode.swift; path = SearchPresentationModel.swift; sourceTree = "<group>"; };
		E81EFD11262226BD008C2888 /* SearchRouter.swift */ = {isa = PBXFileReference; lastKnownFileType = sourcecode.swift; path = SearchRouter.swift; sourceTree = "<group>"; };
		E81EFD12262226BD008C2888 /* SearchContracts.swift */ = {isa = PBXFileReference; lastKnownFileType = sourcecode.swift; path = SearchContracts.swift; sourceTree = "<group>"; };
		E81EFD13262226BD008C2888 /* SearchViewController.swift */ = {isa = PBXFileReference; lastKnownFileType = sourcecode.swift; path = SearchViewController.swift; sourceTree = "<group>"; };
		E81EFD14262226BD008C2888 /* SearchBuilder.swift */ = {isa = PBXFileReference; lastKnownFileType = sourcecode.swift; path = SearchBuilder.swift; sourceTree = "<group>"; };
		E81EFD1E262226D6008C2888 /* Detail.storyboard */ = {isa = PBXFileReference; lastKnownFileType = file.storyboard; path = Detail.storyboard; sourceTree = "<group>"; };
		E81EFD1F262226D6008C2888 /* DetailPresentationModel.swift */ = {isa = PBXFileReference; lastKnownFileType = sourcecode.swift; path = DetailPresentationModel.swift; sourceTree = "<group>"; };
		E81EFD20262226D6008C2888 /* DetailRouter.swift */ = {isa = PBXFileReference; lastKnownFileType = sourcecode.swift; path = DetailRouter.swift; sourceTree = "<group>"; };
		E81EFD21262226D6008C2888 /* DetailContracts.swift */ = {isa = PBXFileReference; lastKnownFileType = sourcecode.swift; path = DetailContracts.swift; sourceTree = "<group>"; };
		E81EFD22262226D6008C2888 /* DetailViewController.swift */ = {isa = PBXFileReference; lastKnownFileType = sourcecode.swift; path = DetailViewController.swift; sourceTree = "<group>"; };
		E81EFD23262226D6008C2888 /* DetailBuilder.swift */ = {isa = PBXFileReference; lastKnownFileType = sourcecode.swift; path = DetailBuilder.swift; sourceTree = "<group>"; };
		E81EFD2F26233BBE008C2888 /* SearchMovieBusinessModel.swift */ = {isa = PBXFileReference; lastKnownFileType = sourcecode.swift; path = SearchMovieBusinessModel.swift; sourceTree = "<group>"; };
		E81EFD332623525D008C2888 /* ImageRepository.swift */ = {isa = PBXFileReference; lastKnownFileType = sourcecode.swift; path = ImageRepository.swift; sourceTree = "<group>"; };
		E81EFD3A26235F9B008C2888 /* FavoritesAndWatchlistManager.swift */ = {isa = PBXFileReference; lastKnownFileType = sourcecode.swift; path = FavoritesAndWatchlistManager.swift; sourceTree = "<group>"; };
		E81EFD4426237906008C2888 /* Multicastable.swift */ = {isa = PBXFileReference; lastKnownFileType = sourcecode.swift; path = Multicastable.swift; sourceTree = "<group>"; };
/* End PBXFileReference section */

/* Begin PBXFrameworksBuildPhase section */
		E81EFBE52620C7C3008C2888 /* Frameworks */ = {
			isa = PBXFrameworksBuildPhase;
			buildActionMask = 2147483647;
			files = (
			);
			runOnlyForDeploymentPostprocessing = 0;
		};
		E81EFBFB2620C7C4008C2888 /* Frameworks */ = {
			isa = PBXFrameworksBuildPhase;
			buildActionMask = 2147483647;
			files = (
				E81EFCB32620E6E5008C2888 /* Quick in Frameworks */,
				E81EFCAC2620E5C8008C2888 /* Nimble in Frameworks */,
			);
			runOnlyForDeploymentPostprocessing = 0;
		};
/* End PBXFrameworksBuildPhase section */

/* Begin PBXGroup section */
		E81EFBDF2620C7C3008C2888 = {
			isa = PBXGroup;
			children = (
				E81EFBEA2620C7C3008C2888 /* TheMovieManager */,
				E81EFC012620C7C4008C2888 /* TheMovieManagerTests */,
				E81EFBE92620C7C3008C2888 /* Products */,
			);
			sourceTree = "<group>";
		};
		E81EFBE92620C7C3008C2888 /* Products */ = {
			isa = PBXGroup;
			children = (
				E81EFBE82620C7C3008C2888 /* TheMovieManager.app */,
				E81EFBFE2620C7C4008C2888 /* TheMovieManagerTests.xctest */,
			);
			name = Products;
			sourceTree = "<group>";
		};
		E81EFBEA2620C7C3008C2888 /* TheMovieManager */ = {
			isa = PBXGroup;
			children = (
				E81EFC972620DC97008C2888 /* Networking */,
				E81EFC232620C882008C2888 /* Application */,
				E81EFC722620CE43008C2888 /* BusinessModels */,
				E81EFC292620C908008C2888 /* Configurations */,
				E81EFC792620CF76008C2888 /* Extensions */,
				E81EFC902620D75E008C2888 /* Helpers */,
				E81EFC242620C88D008C2888 /* Resources */,
				E81EFC622620CE18008C2888 /* Scenes */,
			);
			path = TheMovieManager;
			sourceTree = "<group>";
		};
		E81EFC012620C7C4008C2888 /* TheMovieManagerTests */ = {
			isa = PBXGroup;
			children = (
				E81EFC312620C9EE008C2888 /* TestApplication */,
				E81EFC022620C7C4008C2888 /* TheMovieManagerTests.swift */,
				E81EFCA62620E3CF008C2888 /* NetworkingSpecs.swift */,
				E81EFC042620C7C4008C2888 /* Info.plist */,
			);
			path = TheMovieManagerTests;
			sourceTree = "<group>";
		};
		E81EFC232620C882008C2888 /* Application */ = {
			isa = PBXGroup;
			children = (
				E81EFC432620CA7D008C2888 /* BaseProtocols */,
				E81EFBEB2620C7C3008C2888 /* AppDelegate.swift */,
				E81EFBED2620C7C3008C2888 /* SceneDelegate.swift */,
				E81EFC5E2620CBB7008C2888 /* main.swift */,
				E81EFCCD2621C256008C2888 /* AppContext.swift */,
			);
			path = Application;
			sourceTree = "<group>";
		};
		E81EFC242620C88D008C2888 /* Resources */ = {
			isa = PBXGroup;
			children = (
				E81EFBF42620C7C4008C2888 /* Assets.xcassets */,
				E81EFBF62620C7C4008C2888 /* LaunchScreen.storyboard */,
				E81EFBF92620C7C4008C2888 /* Info.plist */,
			);
			path = Resources;
			sourceTree = "<group>";
		};
		E81EFC292620C908008C2888 /* Configurations */ = {
			isa = PBXGroup;
			children = (
				E81EFC2B2620C957008C2888 /* DEBUG.xcconfig */,
				E81EFC2C2620C965008C2888 /* RELEASE.xcconfig */,
			);
			path = Configurations;
			sourceTree = "<group>";
		};
		E81EFC312620C9EE008C2888 /* TestApplication */ = {
			isa = PBXGroup;
			children = (
				E81EFC322620CA16008C2888 /* TestAppDelegate.swift */,
				E81EFC3F2620CA62008C2888 /* TestRootViewController.swift */,
				E81EFC392620CA40008C2888 /* TestSceneDelegate.swift */,
			);
			path = TestApplication;
			sourceTree = "<group>";
		};
		E81EFC432620CA7D008C2888 /* BaseProtocols */ = {
			isa = PBXGroup;
			children = (
				E81EFC442620CAAA008C2888 /* BaseContracts.swift */,
				E81EFC4A2620CAF7008C2888 /* BaseBusinessModel.swift */,
				E81EFC4E2620CB02008C2888 /* BasePresentationModel.swift */,
				E81EFC522620CB0B008C2888 /* BaseRouter.swift */,
				E81EFC562620CB1A008C2888 /* BaseBuilder.swift */,
				E81EFC5A2620CB23008C2888 /* BaseViewController.swift */,
				E81EFCEA26222544008C2888 /* BaseTabbarController.swift */,
			);
			path = BaseProtocols;
			sourceTree = "<group>";
		};
		E81EFC622620CE18008C2888 /* Scenes */ = {
			isa = PBXGroup;
			children = (
				E81EFD1D262226C6008C2888 /* Detail */,
				E81EFCF02622267F008C2888 /* Favorites */,
				E81EFCEE2622266B008C2888 /* Search */,
				E81EFCD926220582008C2888 /* Main */,
				E81EFCBE2621C177008C2888 /* LoginViaWeb */,
				E81EFC632620CE27008C2888 /* Login */,
			);
			path = Scenes;
			sourceTree = "<group>";
		};
		E81EFC632620CE27008C2888 /* Login */ = {
			isa = PBXGroup;
			children = (
				E81EFC822620D05C008C2888 /* Login.storyboard */,
				E81EFC832620D05C008C2888 /* LoginPresentationModel.swift */,
				E81EFC842620D05C008C2888 /* LoginRouter.swift */,
				E81EFC852620D05C008C2888 /* LoginContracts.swift */,
				E81EFC862620D05C008C2888 /* LoginViewController.swift */,
				E81EFC872620D05C008C2888 /* LoginBuilder.swift */,
			);
			path = Login;
			sourceTree = "<group>";
		};
		E81EFC722620CE43008C2888 /* BusinessModels */ = {
			isa = PBXGroup;
			children = (
				E81EFC732620CE56008C2888 /* AuthenticationBusinessModel.swift */,
				E81EFD3A26235F9B008C2888 /* FavoritesAndWatchlistManager.swift */,
				E81EFD2F26233BBE008C2888 /* SearchMovieBusinessModel.swift */,
			);
			path = BusinessModels;
			sourceTree = "<group>";
		};
		E81EFC792620CF76008C2888 /* Extensions */ = {
			isa = PBXGroup;
			children = (
				E81EFC7A2620CF95008C2888 /* Extensions.swift */,
			);
			path = Extensions;
			sourceTree = "<group>";
		};
		E81EFC902620D75E008C2888 /* Helpers */ = {
			isa = PBXGroup;
			children = (
				E81EFC912620D76D008C2888 /* Logger.swift */,
				E81EFCA02620DDD6008C2888 /* Loading.swift */,
				E81EFCD32621CDAA008C2888 /* TMDBHelper.swift */,
				E81EFD332623525D008C2888 /* ImageRepository.swift */,
				E81EFD4426237906008C2888 /* Multicastable.swift */,
			);
			path = Helpers;
			sourceTree = "<group>";
		};
		E81EFC972620DC97008C2888 /* Networking */ = {
			isa = PBXGroup;
			children = (
				E81EFC982620DCD6008C2888 /* Session.swift */,
				E81EFC9C2620DCEF008C2888 /* Caller.swift */,
				E81EFCB62621B163008C2888 /* API.swift */,
				E81EFCBA2621B29D008C2888 /* ResponseModels.swift */,
			);
			path = Networking;
			sourceTree = "<group>";
		};
		E81EFCBE2621C177008C2888 /* LoginViaWeb */ = {
			isa = PBXGroup;
			children = (
				E81EFCBF2621C190008C2888 /* LoginViaWeb.storyboard */,
				E81EFCC02621C190008C2888 /* LoginViaWebPresentationModel.swift */,
				E81EFCC12621C190008C2888 /* LoginViaWebRouter.swift */,
				E81EFCC22621C190008C2888 /* LoginViaWebContracts.swift */,
				E81EFCC32621C190008C2888 /* LoginViaWebViewController.swift */,
				E81EFCC42621C190008C2888 /* LoginViaWebBuilder.swift */,
			);
			path = LoginViaWeb;
			sourceTree = "<group>";
		};
		E81EFCD926220582008C2888 /* Main */ = {
			isa = PBXGroup;
			children = (
				E81EFCDA26220599008C2888 /* Main.storyboard */,
				E81EFCDB26220599008C2888 /* MainPresentationModel.swift */,
				E81EFCDC26220599008C2888 /* MainRouter.swift */,
				E81EFCDD26220599008C2888 /* MainContracts.swift */,
				E81EFCDE26220599008C2888 /* MainViewController.swift */,
				E81EFCDF26220599008C2888 /* MainBuilder.swift */,
			);
			path = Main;
			sourceTree = "<group>";
		};
		E81EFCEE2622266B008C2888 /* Search */ = {
			isa = PBXGroup;
			children = (
				E81EFD0F262226BD008C2888 /* Search.storyboard */,
				E81EFD10262226BD008C2888 /* SearchPresentationModel.swift */,
				E81EFD11262226BD008C2888 /* SearchRouter.swift */,
				E81EFD12262226BD008C2888 /* SearchContracts.swift */,
				E81EFD13262226BD008C2888 /* SearchViewController.swift */,
				E81EFD14262226BD008C2888 /* SearchBuilder.swift */,
			);
			path = Search;
			sourceTree = "<group>";
		};
		E81EFCF02622267F008C2888 /* Favorites */ = {
			isa = PBXGroup;
			children = (
				E81EFCF126222691008C2888 /* FavoritesAndWatchlist.storyboard */,
				E81EFCF226222691008C2888 /* FavoritesAndWatchlistPresentationModel.swift */,
				E81EFCF326222691008C2888 /* FavoritesAndWatchlistRouter.swift */,
				E81EFCF426222691008C2888 /* FavoritesAndWatchlistContracts.swift */,
				E81EFCF526222691008C2888 /* FavoritesAndWatchlistViewController.swift */,
				E81EFCF626222691008C2888 /* FavoritesAndWatchlistBuilder.swift */,
			);
			path = Favorites;
			sourceTree = "<group>";
		};
		E81EFD1D262226C6008C2888 /* Detail */ = {
			isa = PBXGroup;
			children = (
				E81EFD1E262226D6008C2888 /* Detail.storyboard */,
				E81EFD1F262226D6008C2888 /* DetailPresentationModel.swift */,
				E81EFD20262226D6008C2888 /* DetailRouter.swift */,
				E81EFD21262226D6008C2888 /* DetailContracts.swift */,
				E81EFD22262226D6008C2888 /* DetailViewController.swift */,
				E81EFD23262226D6008C2888 /* DetailBuilder.swift */,
			);
			path = Detail;
			sourceTree = "<group>";
		};
/* End PBXGroup section */

/* Begin PBXNativeTarget section */
		E81EFBE72620C7C3008C2888 /* TheMovieManager */ = {
			isa = PBXNativeTarget;
			buildConfigurationList = E81EFC122620C7C4008C2888 /* Build configuration list for PBXNativeTarget "TheMovieManager" */;
			buildPhases = (
				E81EFBE42620C7C3008C2888 /* Sources */,
				E81EFBE52620C7C3008C2888 /* Frameworks */,
				E81EFBE62620C7C3008C2888 /* Resources */,
			);
			buildRules = (
			);
			dependencies = (
			);
			name = TheMovieManager;
			productName = TheMovieManager;
			productReference = E81EFBE82620C7C3008C2888 /* TheMovieManager.app */;
			productType = "com.apple.product-type.application";
		};
		E81EFBFD2620C7C4008C2888 /* TheMovieManagerTests */ = {
			isa = PBXNativeTarget;
			buildConfigurationList = E81EFC152620C7C4008C2888 /* Build configuration list for PBXNativeTarget "TheMovieManagerTests" */;
			buildPhases = (
				E81EFBFA2620C7C4008C2888 /* Sources */,
				E81EFBFB2620C7C4008C2888 /* Frameworks */,
				E81EFBFC2620C7C4008C2888 /* Resources */,
			);
			buildRules = (
			);
			dependencies = (
				E81EFC002620C7C4008C2888 /* PBXTargetDependency */,
			);
			name = TheMovieManagerTests;
			packageProductDependencies = (
				E81EFCAB2620E5C8008C2888 /* Nimble */,
				E81EFCB22620E6E5008C2888 /* Quick */,
			);
			productName = TheMovieManagerTests;
			productReference = E81EFBFE2620C7C4008C2888 /* TheMovieManagerTests.xctest */;
			productType = "com.apple.product-type.bundle.unit-test";
		};
/* End PBXNativeTarget section */

/* Begin PBXProject section */
		E81EFBE02620C7C3008C2888 /* Project object */ = {
			isa = PBXProject;
			attributes = {
				LastSwiftUpdateCheck = 1240;
				LastUpgradeCheck = 1240;
				TargetAttributes = {
					E81EFBE72620C7C3008C2888 = {
						CreatedOnToolsVersion = 12.4;
					};
					E81EFBFD2620C7C4008C2888 = {
						CreatedOnToolsVersion = 12.4;
						TestTargetID = E81EFBE72620C7C3008C2888;
					};
				};
			};
			buildConfigurationList = E81EFBE32620C7C3008C2888 /* Build configuration list for PBXProject "TheMovieManager" */;
			compatibilityVersion = "Xcode 9.3";
			developmentRegion = en;
			hasScannedForEncodings = 0;
			knownRegions = (
				en,
				Base,
			);
			mainGroup = E81EFBDF2620C7C3008C2888;
			packageReferences = (
				E81EFCAA2620E5C8008C2888 /* XCRemoteSwiftPackageReference "Nimble" */,
				E81EFCB12620E6E5008C2888 /* XCRemoteSwiftPackageReference "Quick" */,
			);
			productRefGroup = E81EFBE92620C7C3008C2888 /* Products */;
			projectDirPath = "";
			projectRoot = "";
			targets = (
				E81EFBE72620C7C3008C2888 /* TheMovieManager */,
				E81EFBFD2620C7C4008C2888 /* TheMovieManagerTests */,
			);
		};
/* End PBXProject section */

/* Begin PBXResourcesBuildPhase section */
		E81EFBE62620C7C3008C2888 /* Resources */ = {
			isa = PBXResourcesBuildPhase;
			buildActionMask = 2147483647;
			files = (
				E81EFCC52621C190008C2888 /* LoginViaWeb.storyboard in Resources */,
				E81EFD24262226D6008C2888 /* Detail.storyboard in Resources */,
				E81EFCE026220599008C2888 /* Main.storyboard in Resources */,
				E81EFCF726222691008C2888 /* FavoritesAndWatchlist.storyboard in Resources */,
				E81EFBF82620C7C4008C2888 /* LaunchScreen.storyboard in Resources */,
				E81EFBF52620C7C4008C2888 /* Assets.xcassets in Resources */,
				E81EFD15262226BD008C2888 /* Search.storyboard in Resources */,
				E81EFC882620D05C008C2888 /* Login.storyboard in Resources */,
			);
			runOnlyForDeploymentPostprocessing = 0;
		};
		E81EFBFC2620C7C4008C2888 /* Resources */ = {
			isa = PBXResourcesBuildPhase;
			buildActionMask = 2147483647;
			files = (
			);
			runOnlyForDeploymentPostprocessing = 0;
		};
/* End PBXResourcesBuildPhase section */

/* Begin PBXSourcesBuildPhase section */
		E81EFBE42620C7C3008C2888 /* Sources */ = {
			isa = PBXSourcesBuildPhase;
			buildActionMask = 2147483647;
			files = (
				E81EFCBB2621B29D008C2888 /* ResponseModels.swift in Sources */,
				E81EFD17262226BD008C2888 /* SearchRouter.swift in Sources */,
				E81EFC572620CB1A008C2888 /* BaseBuilder.swift in Sources */,
				E81EFD1A262226BD008C2888 /* SearchBuilder.swift in Sources */,
				E81EFCF926222691008C2888 /* FavoritesAndWatchlistRouter.swift in Sources */,
				E81EFCFC26222691008C2888 /* FavoritesAndWatchlistBuilder.swift in Sources */,
				E81EFCEB26222544008C2888 /* BaseTabbarController.swift in Sources */,
				E81EFCE126220599008C2888 /* MainPresentationModel.swift in Sources */,
				E81EFD18262226BD008C2888 /* SearchContracts.swift in Sources */,
				E81EFD28262226D6008C2888 /* DetailViewController.swift in Sources */,
				E81EFD25262226D6008C2888 /* DetailPresentationModel.swift in Sources */,
				E81EFD29262226D6008C2888 /* DetailBuilder.swift in Sources */,
				E81EFCC72621C190008C2888 /* LoginViaWebRouter.swift in Sources */,
				E81EFD16262226BD008C2888 /* SearchPresentationModel.swift in Sources */,
				E81EFD27262226D6008C2888 /* DetailContracts.swift in Sources */,
				E81EFCE326220599008C2888 /* MainContracts.swift in Sources */,
				E81EFCCA2621C190008C2888 /* LoginViaWebBuilder.swift in Sources */,
				E81EFC892620D05C008C2888 /* LoginPresentationModel.swift in Sources */,
				E81EFD4526237906008C2888 /* Multicastable.swift in Sources */,
				E81EFCA12620DDD6008C2888 /* Loading.swift in Sources */,
				E81EFBEC2620C7C3008C2888 /* AppDelegate.swift in Sources */,
				E81EFCD42621CDAA008C2888 /* TMDBHelper.swift in Sources */,
				E81EFC8C2620D05C008C2888 /* LoginViewController.swift in Sources */,
				E81EFCFB26222691008C2888 /* FavoritesAndWatchlistViewController.swift in Sources */,
				E81EFC5F2620CBB7008C2888 /* main.swift in Sources */,
				E81EFCE426220599008C2888 /* MainViewController.swift in Sources */,
				E81EFC532620CB0B008C2888 /* BaseRouter.swift in Sources */,
				E81EFC452620CAAA008C2888 /* BaseContracts.swift in Sources */,
				E81EFCE226220599008C2888 /* MainRouter.swift in Sources */,
				E81EFD26262226D6008C2888 /* DetailRouter.swift in Sources */,
				E81EFC4F2620CB02008C2888 /* BasePresentationModel.swift in Sources */,
				E81EFC992620DCD6008C2888 /* Session.swift in Sources */,
				E81EFCC62621C190008C2888 /* LoginViaWebPresentationModel.swift in Sources */,
				E81EFC922620D76D008C2888 /* Logger.swift in Sources */,
				E81EFC5B2620CB23008C2888 /* BaseViewController.swift in Sources */,
				E81EFC9D2620DCEF008C2888 /* Caller.swift in Sources */,
				E81EFCCE2621C256008C2888 /* AppContext.swift in Sources */,
				E81EFD3B26235F9B008C2888 /* FavoritesAndWatchlistManager.swift in Sources */,
				E81EFCC92621C190008C2888 /* LoginViaWebViewController.swift in Sources */,
				E81EFCB72621B163008C2888 /* API.swift in Sources */,
				E81EFCF826222691008C2888 /* FavoritesAndWatchlistPresentationModel.swift in Sources */,
				E81EFD3026233BBE008C2888 /* SearchMovieBusinessModel.swift in Sources */,
				E81EFC7B2620CF95008C2888 /* Extensions.swift in Sources */,
				E81EFC742620CE56008C2888 /* AuthenticationBusinessModel.swift in Sources */,
				E81EFC4B2620CAF7008C2888 /* BaseBusinessModel.swift in Sources */,
				E81EFC8B2620D05C008C2888 /* LoginContracts.swift in Sources */,
				E81EFC8D2620D05C008C2888 /* LoginBuilder.swift in Sources */,
				E81EFD19262226BD008C2888 /* SearchViewController.swift in Sources */,
				E81EFCE526220599008C2888 /* MainBuilder.swift in Sources */,
				E81EFCC82621C190008C2888 /* LoginViaWebContracts.swift in Sources */,
				E81EFC8A2620D05C008C2888 /* LoginRouter.swift in Sources */,
				E81EFBEE2620C7C3008C2888 /* SceneDelegate.swift in Sources */,
				E81EFD342623525D008C2888 /* ImageRepository.swift in Sources */,
				E81EFCFA26222691008C2888 /* FavoritesAndWatchlistContracts.swift in Sources */,
			);
			runOnlyForDeploymentPostprocessing = 0;
		};
		E81EFBFA2620C7C4008C2888 /* Sources */ = {
			isa = PBXSourcesBuildPhase;
			buildActionMask = 2147483647;
			files = (
				E81EFC332620CA16008C2888 /* TestAppDelegate.swift in Sources */,
				E81EFC3A2620CA40008C2888 /* TestSceneDelegate.swift in Sources */,
				E81EFC402620CA62008C2888 /* TestRootViewController.swift in Sources */,
				E81EFCA72620E3CF008C2888 /* NetworkingSpecs.swift in Sources */,
				E81EFC032620C7C4008C2888 /* TheMovieManagerTests.swift in Sources */,
			);
			runOnlyForDeploymentPostprocessing = 0;
		};
/* End PBXSourcesBuildPhase section */

/* Begin PBXTargetDependency section */
		E81EFC002620C7C4008C2888 /* PBXTargetDependency */ = {
			isa = PBXTargetDependency;
			target = E81EFBE72620C7C3008C2888 /* TheMovieManager */;
			targetProxy = E81EFBFF2620C7C4008C2888 /* PBXContainerItemProxy */;
		};
/* End PBXTargetDependency section */

/* Begin PBXVariantGroup section */
		E81EFBF62620C7C4008C2888 /* LaunchScreen.storyboard */ = {
			isa = PBXVariantGroup;
			children = (
				E81EFBF72620C7C4008C2888 /* Base */,
			);
			name = LaunchScreen.storyboard;
			sourceTree = "<group>";
		};
/* End PBXVariantGroup section */

/* Begin XCBuildConfiguration section */
		E81EFC102620C7C4008C2888 /* Debug */ = {
			isa = XCBuildConfiguration;
			baseConfigurationReference = E81EFC2B2620C957008C2888 /* DEBUG.xcconfig */;
			buildSettings = {
				ALWAYS_SEARCH_USER_PATHS = NO;
				CLANG_ANALYZER_NONNULL = YES;
				CLANG_ANALYZER_NUMBER_OBJECT_CONVERSION = YES_AGGRESSIVE;
				CLANG_CXX_LANGUAGE_STANDARD = "gnu++14";
				CLANG_CXX_LIBRARY = "libc++";
				CLANG_ENABLE_MODULES = YES;
				CLANG_ENABLE_OBJC_ARC = YES;
				CLANG_ENABLE_OBJC_WEAK = YES;
				CLANG_WARN_BLOCK_CAPTURE_AUTORELEASING = YES;
				CLANG_WARN_BOOL_CONVERSION = YES;
				CLANG_WARN_COMMA = YES;
				CLANG_WARN_CONSTANT_CONVERSION = YES;
				CLANG_WARN_DEPRECATED_OBJC_IMPLEMENTATIONS = YES;
				CLANG_WARN_DIRECT_OBJC_ISA_USAGE = YES_ERROR;
				CLANG_WARN_DOCUMENTATION_COMMENTS = YES;
				CLANG_WARN_EMPTY_BODY = YES;
				CLANG_WARN_ENUM_CONVERSION = YES;
				CLANG_WARN_INFINITE_RECURSION = YES;
				CLANG_WARN_INT_CONVERSION = YES;
				CLANG_WARN_NON_LITERAL_NULL_CONVERSION = YES;
				CLANG_WARN_OBJC_IMPLICIT_RETAIN_SELF = YES;
				CLANG_WARN_OBJC_LITERAL_CONVERSION = YES;
				CLANG_WARN_OBJC_ROOT_CLASS = YES_ERROR;
				CLANG_WARN_QUOTED_INCLUDE_IN_FRAMEWORK_HEADER = YES;
				CLANG_WARN_RANGE_LOOP_ANALYSIS = YES;
				CLANG_WARN_STRICT_PROTOTYPES = YES;
				CLANG_WARN_SUSPICIOUS_MOVE = YES;
				CLANG_WARN_UNGUARDED_AVAILABILITY = YES_AGGRESSIVE;
				CLANG_WARN_UNREACHABLE_CODE = YES;
				CLANG_WARN__DUPLICATE_METHOD_MATCH = YES;
				COPY_PHASE_STRIP = NO;
				DEBUG_INFORMATION_FORMAT = dwarf;
				ENABLE_STRICT_OBJC_MSGSEND = YES;
				ENABLE_TESTABILITY = YES;
				GCC_C_LANGUAGE_STANDARD = gnu11;
				GCC_DYNAMIC_NO_PIC = NO;
				GCC_NO_COMMON_BLOCKS = YES;
				GCC_OPTIMIZATION_LEVEL = 0;
				GCC_PREPROCESSOR_DEFINITIONS = (
					"DEBUG=1",
					"$(inherited)",
				);
				GCC_WARN_64_TO_32_BIT_CONVERSION = YES;
				GCC_WARN_ABOUT_RETURN_TYPE = YES_ERROR;
				GCC_WARN_UNDECLARED_SELECTOR = YES;
				GCC_WARN_UNINITIALIZED_AUTOS = YES_AGGRESSIVE;
				GCC_WARN_UNUSED_FUNCTION = YES;
				GCC_WARN_UNUSED_VARIABLE = YES;
				IPHONEOS_DEPLOYMENT_TARGET = 14.4;
				MTL_ENABLE_DEBUG_INFO = INCLUDE_SOURCE;
				MTL_FAST_MATH = YES;
				ONLY_ACTIVE_ARCH = YES;
				SDKROOT = iphoneos;
				SWIFT_ACTIVE_COMPILATION_CONDITIONS = DEBUG;
				SWIFT_OPTIMIZATION_LEVEL = "-Onone";
			};
			name = Debug;
		};
		E81EFC112620C7C4008C2888 /* Release */ = {
			isa = XCBuildConfiguration;
			baseConfigurationReference = E81EFC2C2620C965008C2888 /* RELEASE.xcconfig */;
			buildSettings = {
				ALWAYS_SEARCH_USER_PATHS = NO;
				CLANG_ANALYZER_NONNULL = YES;
				CLANG_ANALYZER_NUMBER_OBJECT_CONVERSION = YES_AGGRESSIVE;
				CLANG_CXX_LANGUAGE_STANDARD = "gnu++14";
				CLANG_CXX_LIBRARY = "libc++";
				CLANG_ENABLE_MODULES = YES;
				CLANG_ENABLE_OBJC_ARC = YES;
				CLANG_ENABLE_OBJC_WEAK = YES;
				CLANG_WARN_BLOCK_CAPTURE_AUTORELEASING = YES;
				CLANG_WARN_BOOL_CONVERSION = YES;
				CLANG_WARN_COMMA = YES;
				CLANG_WARN_CONSTANT_CONVERSION = YES;
				CLANG_WARN_DEPRECATED_OBJC_IMPLEMENTATIONS = YES;
				CLANG_WARN_DIRECT_OBJC_ISA_USAGE = YES_ERROR;
				CLANG_WARN_DOCUMENTATION_COMMENTS = YES;
				CLANG_WARN_EMPTY_BODY = YES;
				CLANG_WARN_ENUM_CONVERSION = YES;
				CLANG_WARN_INFINITE_RECURSION = YES;
				CLANG_WARN_INT_CONVERSION = YES;
				CLANG_WARN_NON_LITERAL_NULL_CONVERSION = YES;
				CLANG_WARN_OBJC_IMPLICIT_RETAIN_SELF = YES;
				CLANG_WARN_OBJC_LITERAL_CONVERSION = YES;
				CLANG_WARN_OBJC_ROOT_CLASS = YES_ERROR;
				CLANG_WARN_QUOTED_INCLUDE_IN_FRAMEWORK_HEADER = YES;
				CLANG_WARN_RANGE_LOOP_ANALYSIS = YES;
				CLANG_WARN_STRICT_PROTOTYPES = YES;
				CLANG_WARN_SUSPICIOUS_MOVE = YES;
				CLANG_WARN_UNGUARDED_AVAILABILITY = YES_AGGRESSIVE;
				CLANG_WARN_UNREACHABLE_CODE = YES;
				CLANG_WARN__DUPLICATE_METHOD_MATCH = YES;
				COPY_PHASE_STRIP = NO;
				DEBUG_INFORMATION_FORMAT = "dwarf-with-dsym";
				ENABLE_NS_ASSERTIONS = NO;
				ENABLE_STRICT_OBJC_MSGSEND = YES;
				GCC_C_LANGUAGE_STANDARD = gnu11;
				GCC_NO_COMMON_BLOCKS = YES;
				GCC_WARN_64_TO_32_BIT_CONVERSION = YES;
				GCC_WARN_ABOUT_RETURN_TYPE = YES_ERROR;
				GCC_WARN_UNDECLARED_SELECTOR = YES;
				GCC_WARN_UNINITIALIZED_AUTOS = YES_AGGRESSIVE;
				GCC_WARN_UNUSED_FUNCTION = YES;
				GCC_WARN_UNUSED_VARIABLE = YES;
				IPHONEOS_DEPLOYMENT_TARGET = 14.4;
				MTL_ENABLE_DEBUG_INFO = NO;
				MTL_FAST_MATH = YES;
				SDKROOT = iphoneos;
				SWIFT_COMPILATION_MODE = wholemodule;
				SWIFT_OPTIMIZATION_LEVEL = "-O";
				VALIDATE_PRODUCT = YES;
			};
			name = Release;
		};
		E81EFC132620C7C4008C2888 /* Debug */ = {
			isa = XCBuildConfiguration;
			buildSettings = {
				ASSETCATALOG_COMPILER_APPICON_NAME = AppIcon;
				ASSETCATALOG_COMPILER_GLOBAL_ACCENT_COLOR_NAME = AccentColor;
				CODE_SIGN_STYLE = Automatic;
				DEVELOPMENT_TEAM = K35J6EG8VZ;
				INFOPLIST_FILE = TheMovieManager/Resources/Info.plist;
				LD_RUNPATH_SEARCH_PATHS = (
					"$(inherited)",
					"@executable_path/Frameworks",
				);
				PRODUCT_BUNDLE_IDENTIFIER = works.gkoca.TheMovieManager;
				PRODUCT_NAME = "$(TARGET_NAME)";
				SWIFT_VERSION = 5.0;
				TARGETED_DEVICE_FAMILY = "1,2";
			};
			name = Debug;
		};
		E81EFC142620C7C4008C2888 /* Release */ = {
			isa = XCBuildConfiguration;
			buildSettings = {
				ASSETCATALOG_COMPILER_APPICON_NAME = AppIcon;
				ASSETCATALOG_COMPILER_GLOBAL_ACCENT_COLOR_NAME = AccentColor;
				CODE_SIGN_STYLE = Automatic;
				DEVELOPMENT_TEAM = K35J6EG8VZ;
				INFOPLIST_FILE = TheMovieManager/Resources/Info.plist;
				LD_RUNPATH_SEARCH_PATHS = (
					"$(inherited)",
					"@executable_path/Frameworks",
				);
				PRODUCT_BUNDLE_IDENTIFIER = works.gkoca.TheMovieManager;
				PRODUCT_NAME = "$(TARGET_NAME)";
				SWIFT_VERSION = 5.0;
				TARGETED_DEVICE_FAMILY = "1,2";
			};
			name = Release;
		};
		E81EFC162620C7C4008C2888 /* Debug */ = {
			isa = XCBuildConfiguration;
			buildSettings = {
				ALWAYS_EMBED_SWIFT_STANDARD_LIBRARIES = YES;
				BUNDLE_LOADER = "$(TEST_HOST)";
				CODE_SIGN_STYLE = Automatic;
				DEVELOPMENT_TEAM = K35J6EG8VZ;
				INFOPLIST_FILE = TheMovieManagerTests/Info.plist;
				IPHONEOS_DEPLOYMENT_TARGET = 14.4;
				LD_RUNPATH_SEARCH_PATHS = (
					"$(inherited)",
					"@executable_path/Frameworks",
					"@loader_path/Frameworks",
				);
				PRODUCT_BUNDLE_IDENTIFIER = works.gkoca.TheMovieManagerTests;
				PRODUCT_NAME = "$(TARGET_NAME)";
				SWIFT_VERSION = 5.0;
				TARGETED_DEVICE_FAMILY = "1,2";
				TEST_HOST = "$(BUILT_PRODUCTS_DIR)/TheMovieManager.app/TheMovieManager";
			};
			name = Debug;
		};
		E81EFC172620C7C4008C2888 /* Release */ = {
			isa = XCBuildConfiguration;
			buildSettings = {
				ALWAYS_EMBED_SWIFT_STANDARD_LIBRARIES = YES;
				BUNDLE_LOADER = "$(TEST_HOST)";
				CODE_SIGN_STYLE = Automatic;
				DEVELOPMENT_TEAM = K35J6EG8VZ;
				INFOPLIST_FILE = TheMovieManagerTests/Info.plist;
				IPHONEOS_DEPLOYMENT_TARGET = 14.4;
				LD_RUNPATH_SEARCH_PATHS = (
					"$(inherited)",
					"@executable_path/Frameworks",
					"@loader_path/Frameworks",
				);
				PRODUCT_BUNDLE_IDENTIFIER = works.gkoca.TheMovieManagerTests;
				PRODUCT_NAME = "$(TARGET_NAME)";
				SWIFT_VERSION = 5.0;
				TARGETED_DEVICE_FAMILY = "1,2";
				TEST_HOST = "$(BUILT_PRODUCTS_DIR)/TheMovieManager.app/TheMovieManager";
			};
			name = Release;
		};
/* End XCBuildConfiguration section */

/* Begin XCConfigurationList section */
		E81EFBE32620C7C3008C2888 /* Build configuration list for PBXProject "TheMovieManager" */ = {
			isa = XCConfigurationList;
			buildConfigurations = (
				E81EFC102620C7C4008C2888 /* Debug */,
				E81EFC112620C7C4008C2888 /* Release */,
			);
			defaultConfigurationIsVisible = 0;
			defaultConfigurationName = Release;
		};
		E81EFC122620C7C4008C2888 /* Build configuration list for PBXNativeTarget "TheMovieManager" */ = {
			isa = XCConfigurationList;
			buildConfigurations = (
				E81EFC132620C7C4008C2888 /* Debug */,
				E81EFC142620C7C4008C2888 /* Release */,
			);
			defaultConfigurationIsVisible = 0;
			defaultConfigurationName = Release;
		};
		E81EFC152620C7C4008C2888 /* Build configuration list for PBXNativeTarget "TheMovieManagerTests" */ = {
			isa = XCConfigurationList;
			buildConfigurations = (
				E81EFC162620C7C4008C2888 /* Debug */,
				E81EFC172620C7C4008C2888 /* Release */,
			);
			defaultConfigurationIsVisible = 0;
			defaultConfigurationName = Release;
		};
/* End XCConfigurationList section */

/* Begin XCRemoteSwiftPackageReference section */
		E81EFCAA2620E5C8008C2888 /* XCRemoteSwiftPackageReference "Nimble" */ = {
			isa = XCRemoteSwiftPackageReference;
			repositoryURL = "https://github.com/Quick/Nimble";
			requirement = {
				kind = upToNextMajorVersion;
				minimumVersion = 9.0.0;
			};
		};
		E81EFCB12620E6E5008C2888 /* XCRemoteSwiftPackageReference "Quick" */ = {
			isa = XCRemoteSwiftPackageReference;
			repositoryURL = "https://github.com/Quick/Quick";
			requirement = {
				kind = upToNextMajorVersion;
				minimumVersion = 3.1.2;
			};
		};
/* End XCRemoteSwiftPackageReference section */

/* Begin XCSwiftPackageProductDependency section */
		E81EFCAB2620E5C8008C2888 /* Nimble */ = {
			isa = XCSwiftPackageProductDependency;
			package = E81EFCAA2620E5C8008C2888 /* XCRemoteSwiftPackageReference "Nimble" */;
			productName = Nimble;
		};
		E81EFCB22620E6E5008C2888 /* Quick */ = {
			isa = XCSwiftPackageProductDependency;
			package = E81EFCB12620E6E5008C2888 /* XCRemoteSwiftPackageReference "Quick" */;
			productName = Quick;
		};
/* End XCSwiftPackageProductDependency section */
	};
	rootObject = E81EFBE02620C7C3008C2888 /* Project object */;
}
